
Microsoft Visual Studio Solution File, Format Version 12.00
#
Project("{2150E333-8FDC-42A3-9474-1A3956D46DE8}") = "src", "src", "{D728C487-FA3C-4698-B853-4FB8041E6374}"
EndProject
Project("{2150E333-8FDC-42A3-9474-1A3956D46DE8}") = "tests", "tests", "{A7AF5572-5130-4729-9302-1DB158FB8A08}"
EndProject
Project("{FAE04EC0-301F-11D3-BF4B-00C04F79EFBC}") = "FinnHub.MCP.Server.SSE", "src\FinnHub.MCP.Server.SSE\FinnHub.MCP.Server.SSE.csproj", "{859E69D9-3195-4DFC-A463-107739C456F1}"
EndProject
Project("{FAE04EC0-301F-11D3-BF4B-00C04F79EFBC}") = "FinnHub.MCP.Server.Application.Tests.Unit", "tests\FinnHub.MCP.Server.Application.Tests.Unit\FinnHub.MCP.Server.Application.Tests.Unit.csproj", "{E12898E6-98E9-4BE7-8D0E-60E888D7FF55}"
EndProject
Project("{FAE04EC0-301F-11D3-BF4B-00C04F79EFBC}") = "FinnHub.MCP.Server.Application", "src\FinnHub.MCP.Server.Application\FinnHub.MCP.Server.Application.csproj", "{B052238C-9665-48CC-98D2-0E40F009E096}"
EndProject
Project("{FAE04EC0-301F-11D3-BF4B-00C04F79EFBC}") = "FinnHub.MCP.Server.Infrastructure", "src\FinnHub.MCP.Server.Infrastructure\FinnHub.MCP.Server.Infrastructure.csproj", "{AF1878FD-FCF5-48A3-BB87-DEAA56D5D0E6}"
EndProject
Project("{FAE04EC0-301F-11D3-BF4B-00C04F79EFBC}") = "FinnHub.MCP.Server.Infrastructure.Tests.Unit", "tests\FinnHub.MCP.Server.Infrastructure.Tests.Unit\FinnHub.MCP.Server.Infrastructure.Tests.Unit.csproj", "{D04CD22E-378A-42A7-BF8E-AC435D50D63C}"
EndProject
Project("{FAE04EC0-301F-11D3-BF4B-00C04F79EFBC}") = "FinnHub.MCP.Server.Tests.Unit", "tests\FinnHub.MCP.Server.Tests.Unit\FinnHub.MCP.Server.Tests.Unit.csproj", "{B39F92C8-A3FC-4026-938B-5EFEDD5E345E}"
EndProject
Global
	GlobalSection(SolutionConfigurationPlatforms) = preSolution
		Debug|Any CPU = Debug|Any CPU
		Release|Any CPU = Release|Any CPU
	EndGlobalSection
	GlobalSection(ProjectConfigurationPlatforms) = postSolution
		{859E69D9-3195-4DFC-A463-107739C456F1}.Debug|Any CPU.ActiveCfg = Debug|Any CPU
		{859E69D9-3195-4DFC-A463-107739C456F1}.Debug|Any CPU.Build.0 = Debug|Any CPU
		{859E69D9-3195-4DFC-A463-107739C456F1}.Release|Any CPU.ActiveCfg = Release|Any CPU
		{859E69D9-3195-4DFC-A463-107739C456F1}.Release|Any CPU.Build.0 = Release|Any CPU
		{E12898E6-98E9-4BE7-8D0E-60E888D7FF55}.Debug|Any CPU.ActiveCfg = Debug|Any CPU
		{E12898E6-98E9-4BE7-8D0E-60E888D7FF55}.Debug|Any CPU.Build.0 = Debug|Any CPU
		{E12898E6-98E9-4BE7-8D0E-60E888D7FF55}.Release|Any CPU.ActiveCfg = Release|Any CPU
		{E12898E6-98E9-4BE7-8D0E-60E888D7FF55}.Release|Any CPU.Build.0 = Release|Any CPU
		{B052238C-9665-48CC-98D2-0E40F009E096}.Debug|Any CPU.ActiveCfg = Debug|Any CPU
		{B052238C-9665-48CC-98D2-0E40F009E096}.Debug|Any CPU.Build.0 = Debug|Any CPU
		{B052238C-9665-48CC-98D2-0E40F009E096}.Release|Any CPU.ActiveCfg = Release|Any CPU
		{B052238C-9665-48CC-98D2-0E40F009E096}.Release|Any CPU.Build.0 = Release|Any CPU
		{AF1878FD-FCF5-48A3-BB87-DEAA56D5D0E6}.Debug|Any CPU.ActiveCfg = Debug|Any CPU
		{AF1878FD-FCF5-48A3-BB87-DEAA56D5D0E6}.Debug|Any CPU.Build.0 = Debug|Any CPU
		{AF1878FD-FCF5-48A3-BB87-DEAA56D5D0E6}.Release|Any CPU.ActiveCfg = Release|Any CPU
		{AF1878FD-FCF5-48A3-BB87-DEAA56D5D0E6}.Release|Any CPU.Build.0 = Release|Any CPU
		{D04CD22E-378A-42A7-BF8E-AC435D50D63C}.Debug|Any CPU.ActiveCfg = Debug|Any CPU
		{D04CD22E-378A-42A7-BF8E-AC435D50D63C}.Debug|Any CPU.Build.0 = Debug|Any CPU
		{D04CD22E-378A-42A7-BF8E-AC435D50D63C}.Release|Any CPU.ActiveCfg = Release|Any CPU
		{D04CD22E-378A-42A7-BF8E-AC435D50D63C}.Release|Any CPU.Build.0 = Release|Any CPU
		{B39F92C8-A3FC-4026-938B-5EFEDD5E345E}.Debug|Any CPU.ActiveCfg = Debug|Any CPU
		{B39F92C8-A3FC-4026-938B-5EFEDD5E345E}.Debug|Any CPU.Build.0 = Debug|Any CPU
		{B39F92C8-A3FC-4026-938B-5EFEDD5E345E}.Release|Any CPU.ActiveCfg = Release|Any CPU
		{B39F92C8-A3FC-4026-938B-5EFEDD5E345E}.Release|Any CPU.Build.0 = Release|Any CPU
	EndGlobalSection
	GlobalSection(NestedProjects) = preSolution
		{859E69D9-3195-4DFC-A463-107739C456F1} = {D728C487-FA3C-4698-B853-4FB8041E6374}
		{E12898E6-98E9-4BE7-8D0E-60E888D7FF55} = {A7AF5572-5130-4729-9302-1DB158FB8A08}
		{B052238C-9665-48CC-98D2-0E40F009E096} = {D728C487-FA3C-4698-B853-4FB8041E6374}
		{AF1878FD-FCF5-48A3-BB87-DEAA56D5D0E6} = {D728C487-FA3C-4698-B853-4FB8041E6374}
		{D04CD22E-378A-42A7-BF8E-AC435D50D63C} = {A7AF5572-5130-4729-9302-1DB158FB8A08}
		{B39F92C8-A3FC-4026-938B-5EFEDD5E345E} = {A7AF5572-5130-4729-9302-1DB158FB8A08}
	EndGlobalSection
EndGlobal
