
Microsoft Visual Studio Solution File, Format Version 12.00
Project("{FAE04EC0-301F-11D3-BF4B-00C04F79EFBC}") = "MCP.FinnHub.Server.Sse", "src\MCP.FinnHub.Server.Sse\MCP.FinnHub.Server.Sse.csproj", "{6E3CAEE3-4C06-4B54-8CAE-C7BFFB8952CC}"
EndProject
Global
	GlobalSection(SolutionConfigurationPlatforms) = preSolution
		Debug|Any CPU = Debug|Any CPU
		Release|Any CPU = Release|Any CPU
	EndGlobalSection
	GlobalSection(ProjectConfigurationPlatforms) = postSolution
		{6E3CAEE3-4C06-4B54-8CAE-C7BFFB8952CC}.Debug|Any CPU.ActiveCfg = Debug|Any CPU
		{6E3CAEE3-4C06-4B54-8CAE-C7BFFB8952CC}.Debug|Any CPU.Build.0 = Debug|Any CPU
		{6E3CAEE3-4C06-4B54-8CAE-C7BFFB8952CC}.Release|Any CPU.ActiveCfg = Release|Any CPU
		{6E3CAEE3-4C06-4B54-8CAE-C7BFFB8952CC}.Release|Any CPU.Build.0 = Release|Any CPU
	EndGlobalSection
EndGlobal
